
Microsoft Visual Studio Solution File, Format Version 12.00
# Visual Studio 15
VisualStudioVersion = 15.0.27703.2042
MinimumVisualStudioVersion = 10.0.40219.1
Project("{FAE04EC0-301F-11D3-BF4B-00C04F79EFBC}") = "Capitec.Assessment.Feeds", "ConsoleApp\Capitec.Assessment.Feeds.csproj", "{2B25D2FC-6510-4B35-AD71-F849FB2AD696}"
EndProject
Project("{FAE04EC0-301F-11D3-BF4B-00C04F79EFBC}") = "Capitec.Assessment.Logic", "Logic\Capitec.Assessment.Logic.csproj", "{F70A8A8D-6199-435E-A79E-64B310B7279E}"
EndProject
Project("{FAE04EC0-301F-11D3-BF4B-00C04F79EFBC}") = "Capitec.Assessment.Components", "Capitec.Assessment.Components\Capitec.Assessment.Components.csproj", "{40017BEC-7687-40C0-9085-A232A88A3656}"
EndProject
Global
	GlobalSection(SolutionConfigurationPlatforms) = preSolution
		Debug|Any CPU = Debug|Any CPU
		Release|Any CPU = Release|Any CPU
	EndGlobalSection
	GlobalSection(ProjectConfigurationPlatforms) = postSolution
		{2B25D2FC-6510-4B35-AD71-F849FB2AD696}.Debug|Any CPU.ActiveCfg = Debug|Any CPU
		{2B25D2FC-6510-4B35-AD71-F849FB2AD696}.Debug|Any CPU.Build.0 = Debug|Any CPU
		{2B25D2FC-6510-4B35-AD71-F849FB2AD696}.Release|Any CPU.ActiveCfg = Release|Any CPU
		{2B25D2FC-6510-4B35-AD71-F849FB2AD696}.Release|Any CPU.Build.0 = Release|Any CPU
		{F70A8A8D-6199-435E-A79E-64B310B7279E}.Debug|Any CPU.ActiveCfg = Debug|Any CPU
		{F70A8A8D-6199-435E-A79E-64B310B7279E}.Debug|Any CPU.Build.0 = Debug|Any CPU
		{F70A8A8D-6199-435E-A79E-64B310B7279E}.Release|Any CPU.ActiveCfg = Release|Any CPU
		{F70A8A8D-6199-435E-A79E-64B310B7279E}.Release|Any CPU.Build.0 = Release|Any CPU
		{40017BEC-7687-40C0-9085-A232A88A3656}.Debug|Any CPU.ActiveCfg = Debug|Any CPU
		{40017BEC-7687-40C0-9085-A232A88A3656}.Debug|Any CPU.Build.0 = Debug|Any CPU
		{40017BEC-7687-40C0-9085-A232A88A3656}.Release|Any CPU.ActiveCfg = Release|Any CPU
		{40017BEC-7687-40C0-9085-A232A88A3656}.Release|Any CPU.Build.0 = Release|Any CPU
	EndGlobalSection
	GlobalSection(SolutionProperties) = preSolution
		HideSolutionNode = FALSE
	EndGlobalSection
	GlobalSection(ExtensibilityGlobals) = postSolution
		SolutionGuid = {6B23AA35-DBA7-4816-94FD-5B2DAE02E934}
	EndGlobalSection
EndGlobal
